
Microsoft Visual Studio Solution File, Format Version 12.00
# Visual Studio Version 17
VisualStudioVersion = 17.7.34009.444
MinimumVisualStudioVersion = 10.0.40219.1
Project("{FAE04EC0-301F-11D3-BF4B-00C04F79EFBC}") = "ADD_LAYER_Class_Add_Circle_5", "ADD_LAYER_Class_Add_Circle_5.csproj", "{94FA415B-1A1D-4C0E-B98B-C52DEC5050FF}"
EndProject
Global
	GlobalSection(SolutionConfigurationPlatforms) = preSolution
		Debug|Any CPU = Debug|Any CPU
		Release|Any CPU = Release|Any CPU
	EndGlobalSection
	GlobalSection(ProjectConfigurationPlatforms) = postSolution
		{94FA415B-1A1D-4C0E-B98B-C52DEC5050FF}.Debug|Any CPU.ActiveCfg = Debug|Any CPU
		{94FA415B-1A1D-4C0E-B98B-C52DEC5050FF}.Debug|Any CPU.Build.0 = Debug|Any CPU
		{94FA415B-1A1D-4C0E-B98B-C52DEC5050FF}.Release|Any CPU.ActiveCfg = Release|Any CPU
		{94FA415B-1A1D-4C0E-B98B-C52DEC5050FF}.Release|Any CPU.Build.0 = Release|Any CPU
	EndGlobalSection
	GlobalSection(SolutionProperties) = preSolution
		HideSolutionNode = FALSE
	EndGlobalSection
	GlobalSection(ExtensibilityGlobals) = postSolution
		SolutionGuid = {62653BE5-11E7-495D-846A-C50F7147005A}
	EndGlobalSection
EndGlobal
